
Microsoft Visual Studio Solution File, Format Version 12.00
# Visual Studio Version 17
VisualStudioVersion = 17.9.34728.123
MinimumVisualStudioVersion = 10.0.40219.1
Project("{FAE04EC0-301F-11D3-BF4B-00C04F79EFBC}") = "NZWalks", "NZWalks.csproj", "{2BC6F7DE-964F-4BBB-BD1B-7C30B58453D9}"
EndProject
Global
	GlobalSection(SolutionConfigurationPlatforms) = preSolution
		Debug|Any CPU = Debug|Any CPU
		Release|Any CPU = Release|Any CPU
	EndGlobalSection
	GlobalSection(ProjectConfigurationPlatforms) = postSolution
		{2BC6F7DE-964F-4BBB-BD1B-7C30B58453D9}.Debug|Any CPU.ActiveCfg = Debug|Any CPU
		{2BC6F7DE-964F-4BBB-BD1B-7C30B58453D9}.Debug|Any CPU.Build.0 = Debug|Any CPU
		{2BC6F7DE-964F-4BBB-BD1B-7C30B58453D9}.Release|Any CPU.ActiveCfg = Release|Any CPU
		{2BC6F7DE-964F-4BBB-BD1B-7C30B58453D9}.Release|Any CPU.Build.0 = Release|Any CPU
	EndGlobalSection
	GlobalSection(SolutionProperties) = preSolution
		HideSolutionNode = FALSE
	EndGlobalSection
	GlobalSection(ExtensibilityGlobals) = postSolution
		SolutionGuid = {C1BD24EA-D27E-4069-B10B-3774F7F860CD}
	EndGlobalSection
EndGlobal
